
Microsoft Visual Studio Solution File, Format Version 12.00
# Visual Studio Version 16
VisualStudioVersion = 16.0.33927.289
MinimumVisualStudioVersion = 10.0.40219.1
Project("{2150E333-8FDC-42A3-9474-1A3956D46DE8}") = "Task0", "Task0", "{CDD30B52-0FAC-4960-812F-C51DF796C99C}"
EndProject
Project("{FAE04EC0-301F-11D3-BF4B-00C04F79EFBC}") = "Tyuiu.PoleschukKR.Sprint4.Task0.V30", "Tyuiu.PoleschukKR.Sprint4.Task0.V30\Tyuiu.PoleschukKR.Sprint4.Task0.V30.csproj", "{E5A6A992-B707-477B-B368-D2C2A50A6DE2}"
EndProject
Project("{FAE04EC0-301F-11D3-BF4B-00C04F79EFBC}") = "Tyuiu.PoleschukKR.Sprint4.Task0.V30.Lib", "Tyuiu.PoleschukKR.Sprint4.Task0.V30.Lib\Tyuiu.PoleschukKR.Sprint4.Task0.V30.Lib.csproj", "{910EEA26-773A-4555-B071-D9C64A4D899F}"
EndProject
Project("{FAE04EC0-301F-11D3-BF4B-00C04F79EFBC}") = "Tyuiu.PoleschukKR.Sprint4.Task0.V30.Test", "Tyuiu.PoleschukKR.Sprint4.Task0.V30.Test\Tyuiu.PoleschukKR.Sprint4.Task0.V30.Test.csproj", "{8E208ACE-51E0-4786-BCDF-BFA4D867ADE6}"
EndProject
Project("{2150E333-8FDC-42A3-9474-1A3956D46DE8}") = "Task1", "Task1", "{5B61647F-D6D5-4881-ACB8-1227D674E2B0}"
EndProject
Project("{FAE04EC0-301F-11D3-BF4B-00C04F79EFBC}") = "Tyuiu.PoleschukKR.Sprint4.Task1.V28", "Tyuiu.PoleschukKR.Sprint4.Task1.V28\Tyuiu.PoleschukKR.Sprint4.Task1.V28.csproj", "{4365E161-F34D-4C7E-B600-CC9B83AF6B89}"
EndProject
Project("{FAE04EC0-301F-11D3-BF4B-00C04F79EFBC}") = "Tyuiu.PoleschukKR.Sprint4.Task1.V28.Lib", "Tyuiu.PoleschukKR.Sprint4.Task1.V28.Lib\Tyuiu.PoleschukKR.Sprint4.Task1.V28.Lib.csproj", "{E47C47C0-77AC-4211-832F-2281A86E49FB}"
EndProject
Project("{FAE04EC0-301F-11D3-BF4B-00C04F79EFBC}") = "Tyuiu.PoleschukKR.Sprint4.Task1.V28.Test", "Tyuiu.PoleschukKR.Sprint4.Task1.V28.Test\Tyuiu.PoleschukKR.Sprint4.Task1.V28.Test.csproj", "{ECB55450-9A83-4C12-9FFD-9F4EBE91D0BE}"
EndProject
Global
	GlobalSection(SolutionConfigurationPlatforms) = preSolution
		Debug|Any CPU = Debug|Any CPU
		Release|Any CPU = Release|Any CPU
	EndGlobalSection
	GlobalSection(ProjectConfigurationPlatforms) = postSolution
		{E5A6A992-B707-477B-B368-D2C2A50A6DE2}.Debug|Any CPU.ActiveCfg = Debug|Any CPU
		{E5A6A992-B707-477B-B368-D2C2A50A6DE2}.Debug|Any CPU.Build.0 = Debug|Any CPU
		{E5A6A992-B707-477B-B368-D2C2A50A6DE2}.Release|Any CPU.ActiveCfg = Release|Any CPU
		{E5A6A992-B707-477B-B368-D2C2A50A6DE2}.Release|Any CPU.Build.0 = Release|Any CPU
		{910EEA26-773A-4555-B071-D9C64A4D899F}.Debug|Any CPU.ActiveCfg = Debug|Any CPU
		{910EEA26-773A-4555-B071-D9C64A4D899F}.Debug|Any CPU.Build.0 = Debug|Any CPU
		{910EEA26-773A-4555-B071-D9C64A4D899F}.Release|Any CPU.ActiveCfg = Release|Any CPU
		{910EEA26-773A-4555-B071-D9C64A4D899F}.Release|Any CPU.Build.0 = Release|Any CPU
		{8E208ACE-51E0-4786-BCDF-BFA4D867ADE6}.Debug|Any CPU.ActiveCfg = Debug|Any CPU
		{8E208ACE-51E0-4786-BCDF-BFA4D867ADE6}.Debug|Any CPU.Build.0 = Debug|Any CPU
		{8E208ACE-51E0-4786-BCDF-BFA4D867ADE6}.Release|Any CPU.ActiveCfg = Release|Any CPU
		{8E208ACE-51E0-4786-BCDF-BFA4D867ADE6}.Release|Any CPU.Build.0 = Release|Any CPU
		{4365E161-F34D-4C7E-B600-CC9B83AF6B89}.Debug|Any CPU.ActiveCfg = Debug|Any CPU
		{4365E161-F34D-4C7E-B600-CC9B83AF6B89}.Debug|Any CPU.Build.0 = Debug|Any CPU
		{4365E161-F34D-4C7E-B600-CC9B83AF6B89}.Release|Any CPU.ActiveCfg = Release|Any CPU
		{4365E161-F34D-4C7E-B600-CC9B83AF6B89}.Release|Any CPU.Build.0 = Release|Any CPU
		{E47C47C0-77AC-4211-832F-2281A86E49FB}.Debug|Any CPU.ActiveCfg = Debug|Any CPU
		{E47C47C0-77AC-4211-832F-2281A86E49FB}.Debug|Any CPU.Build.0 = Debug|Any CPU
		{E47C47C0-77AC-4211-832F-2281A86E49FB}.Release|Any CPU.ActiveCfg = Release|Any CPU
		{E47C47C0-77AC-4211-832F-2281A86E49FB}.Release|Any CPU.Build.0 = Release|Any CPU
		{ECB55450-9A83-4C12-9FFD-9F4EBE91D0BE}.Debug|Any CPU.ActiveCfg = Debug|Any CPU
		{ECB55450-9A83-4C12-9FFD-9F4EBE91D0BE}.Debug|Any CPU.Build.0 = Debug|Any CPU
		{ECB55450-9A83-4C12-9FFD-9F4EBE91D0BE}.Release|Any CPU.ActiveCfg = Release|Any CPU
		{ECB55450-9A83-4C12-9FFD-9F4EBE91D0BE}.Release|Any CPU.Build.0 = Release|Any CPU
	EndGlobalSection
	GlobalSection(SolutionProperties) = preSolution
		HideSolutionNode = FALSE
	EndGlobalSection
	GlobalSection(NestedProjects) = preSolution
		{E5A6A992-B707-477B-B368-D2C2A50A6DE2} = {CDD30B52-0FAC-4960-812F-C51DF796C99C}
		{910EEA26-773A-4555-B071-D9C64A4D899F} = {CDD30B52-0FAC-4960-812F-C51DF796C99C}
		{8E208ACE-51E0-4786-BCDF-BFA4D867ADE6} = {CDD30B52-0FAC-4960-812F-C51DF796C99C}
		{4365E161-F34D-4C7E-B600-CC9B83AF6B89} = {5B61647F-D6D5-4881-ACB8-1227D674E2B0}
		{E47C47C0-77AC-4211-832F-2281A86E49FB} = {5B61647F-D6D5-4881-ACB8-1227D674E2B0}
		{ECB55450-9A83-4C12-9FFD-9F4EBE91D0BE} = {5B61647F-D6D5-4881-ACB8-1227D674E2B0}
	EndGlobalSection
	GlobalSection(ExtensibilityGlobals) = postSolution
		SolutionGuid = {2B221523-9C1C-4017-B4FA-574D7723CD46}
	EndGlobalSection
EndGlobal
