
Microsoft Visual Studio Solution File, Format Version 12.00
# Visual Studio Version 16
VisualStudioVersion = 16.0.33927.289
MinimumVisualStudioVersion = 10.0.40219.1
Project("{2150E333-8FDC-42A3-9474-1A3956D46DE8}") = "Task0", "Task0", "{CDD30B52-0FAC-4960-812F-C51DF796C99C}"
EndProject
Project("{FAE04EC0-301F-11D3-BF4B-00C04F79EFBC}") = "Tyuiu.PoleschukKR.Sprint4.Task0.V30", "Tyuiu.PoleschukKR.Sprint4.Task0.V30\Tyuiu.PoleschukKR.Sprint4.Task0.V30.csproj", "{E5A6A992-B707-477B-B368-D2C2A50A6DE2}"
EndProject
Project("{FAE04EC0-301F-11D3-BF4B-00C04F79EFBC}") = "Tyuiu.PoleschukKR.Sprint4.Task0.V30.Lib", "Tyuiu.PoleschukKR.Sprint4.Task0.V30.Lib\Tyuiu.PoleschukKR.Sprint4.Task0.V30.Lib.csproj", "{910EEA26-773A-4555-B071-D9C64A4D899F}"
EndProject
Project("{FAE04EC0-301F-11D3-BF4B-00C04F79EFBC}") = "Tyuiu.PoleschukKR.Sprint4.Task0.V30.Test", "Tyuiu.PoleschukKR.Sprint4.Task0.V30.Test\Tyuiu.PoleschukKR.Sprint4.Task0.V30.Test.csproj", "{8E208ACE-51E0-4786-BCDF-BFA4D867ADE6}"
EndProject
Project("{2150E333-8FDC-42A3-9474-1A3956D46DE8}") = "Task1", "Task1", "{5B61647F-D6D5-4881-ACB8-1227D674E2B0}"
EndProject
Project("{FAE04EC0-301F-11D3-BF4B-00C04F79EFBC}") = "Tyuiu.PoleschukKR.Sprint4.Task1.V28", "Tyuiu.PoleschukKR.Sprint4.Task1.V28\Tyuiu.PoleschukKR.Sprint4.Task1.V28.csproj", "{4365E161-F34D-4C7E-B600-CC9B83AF6B89}"
EndProject
Project("{FAE04EC0-301F-11D3-BF4B-00C04F79EFBC}") = "Tyuiu.PoleschukKR.Sprint4.Task1.V28.Lib", "Tyuiu.PoleschukKR.Sprint4.Task1.V28.Lib\Tyuiu.PoleschukKR.Sprint4.Task1.V28.Lib.csproj", "{E47C47C0-77AC-4211-832F-2281A86E49FB}"
EndProject
Project("{FAE04EC0-301F-11D3-BF4B-00C04F79EFBC}") = "Tyuiu.PoleschukKR.Sprint4.Task1.V28.Test", "Tyuiu.PoleschukKR.Sprint4.Task1.V28.Test\Tyuiu.PoleschukKR.Sprint4.Task1.V28.Test.csproj", "{ECB55450-9A83-4C12-9FFD-9F4EBE91D0BE}"
EndProject
Project("{2150E333-8FDC-42A3-9474-1A3956D46DE8}") = "Task2", "Task2", "{0E60D1CC-9C29-408E-8AB7-C8A59540F8CF}"
EndProject
Project("{FAE04EC0-301F-11D3-BF4B-00C04F79EFBC}") = "Tyuiu.PoleschukKR.Sprint4.Task2.V27", "Tyuiu.PoleschukKR.Sprint4.Task2.V27\Tyuiu.PoleschukKR.Sprint4.Task2.V27.csproj", "{63B31C42-5E90-4D96-A88F-0053940A35BC}"
EndProject
Project("{FAE04EC0-301F-11D3-BF4B-00C04F79EFBC}") = "Tyuiu.PoleschukKR.Sprint4.Task2.V27.Lib", "Tyuiu.PoleschukKR.Sprint4.Task2.V27.Lib\Tyuiu.PoleschukKR.Sprint4.Task2.V27.Lib.csproj", "{09A1B7CA-5BD8-4BB1-A7C1-FBB6292FF551}"
EndProject
Project("{FAE04EC0-301F-11D3-BF4B-00C04F79EFBC}") = "Tyuiu.PoleschukKR.Sprint4.Task2.V27.Test", "Tyuiu.PoleschukKR.Sprint4.Task2.V27.Test\Tyuiu.PoleschukKR.Sprint4.Task2.V27.Test.csproj", "{F1FC4C7C-1BA9-481F-8A16-7D5F7567306C}"
EndProject
Project("{2150E333-8FDC-42A3-9474-1A3956D46DE8}") = "Task3", "Task3", "{82FA7A28-E79A-40D9-8ED8-3B02B4C7702A}"
EndProject
Project("{FAE04EC0-301F-11D3-BF4B-00C04F79EFBC}") = "Tyuiu.PoleschukKR.Sprint4.Task3.V5", "Tyuiu.PoleschukKR.Sprint4.Task3.V5\Tyuiu.PoleschukKR.Sprint4.Task3.V5.csproj", "{6F4184BD-1C61-4817-8EB9-A8DBD34E6B70}"
EndProject
Project("{FAE04EC0-301F-11D3-BF4B-00C04F79EFBC}") = "Tyuiu.PoleschukKR.Sprint4.Task3.V5.Lib", "Tyuiu.PoleschukKR.Sprint4.Task3.V5.Lib\Tyuiu.PoleschukKR.Sprint4.Task3.V5.Lib.csproj", "{5D9BE925-8BF5-4085-BC0F-9B3AAF294085}"
EndProject
Project("{FAE04EC0-301F-11D3-BF4B-00C04F79EFBC}") = "Tyuiu.PoleschukKR.Sprint4.Task3.V5.Test", "Tyuiu.PoleschukKR.Sprint4.Task3.V5.Test\Tyuiu.PoleschukKR.Sprint4.Task3.V5.Test.csproj", "{8AB9A8DE-9A37-4CB3-AE78-63A01405E81E}"
EndProject
Project("{2150E333-8FDC-42A3-9474-1A3956D46DE8}") = "Task4", "Task4", "{8B765870-3A24-4906-BB53-E988CCA0901F}"
EndProject
Project("{FAE04EC0-301F-11D3-BF4B-00C04F79EFBC}") = "Tyuiu.PoleschukKR.Sprint4.Task4.V14", "Tyuiu.PoleschukKR.Sprint4.Task4.V14\Tyuiu.PoleschukKR.Sprint4.Task4.V14.csproj", "{58479C8C-3576-42C7-8497-41F4AEE38517}"
EndProject
Project("{FAE04EC0-301F-11D3-BF4B-00C04F79EFBC}") = "Tyuiu.PoleschukKR.Sprint4.Task4.V14.Lib", "Tyuiu.PoleschukKR.Sprint4.Task4.V14.Lib\Tyuiu.PoleschukKR.Sprint4.Task4.V14.Lib.csproj", "{3F5B6492-1B41-4AE8-91EF-B2841194ED15}"
EndProject
Project("{FAE04EC0-301F-11D3-BF4B-00C04F79EFBC}") = "Tyuiu.PoleschukKR.Sprint4.Task4.V14.Test", "Tyuiu.PoleschukKR.Sprint4.Task4.V14.Test\Tyuiu.PoleschukKR.Sprint4.Task4.V14.Test.csproj", "{B3D34D9A-2B66-4F8A-9BCB-00F801A80147}"
EndProject
Project("{2150E333-8FDC-42A3-9474-1A3956D46DE8}") = "Task5", "Task5", "{552235AD-2687-48D4-9A0E-3F0E4C33B5E7}"
EndProject
Project("{FAE04EC0-301F-11D3-BF4B-00C04F79EFBC}") = "Tyuiu.PoleschukKR.Sprint4.Task5.V30", "Tyuiu.PoleschukKR.Sprint4.Task5.V30\Tyuiu.PoleschukKR.Sprint4.Task5.V30.csproj", "{711FFBB0-1113-4EEF-A59F-2C2F24110BAE}"
EndProject
Project("{FAE04EC0-301F-11D3-BF4B-00C04F79EFBC}") = "Tyuiu.PoleschukKR.Sprint4.Task5.V30.Lib", "Tyuiu.PoleschukKR.Sprint4.Task5.V30.Lib\Tyuiu.PoleschukKR.Sprint4.Task5.V30.Lib.csproj", "{96890CDD-06DF-4924-B042-C0C61197D472}"
EndProject
Project("{FAE04EC0-301F-11D3-BF4B-00C04F79EFBC}") = "Tyuiu.PoleschukKR.Sprint4.Task5.V30.Test", "Tyuiu.PoleschukKR.Sprint4.Task5.V30.Test\Tyuiu.PoleschukKR.Sprint4.Task5.V30.Test.csproj", "{EE331979-2549-4396-AA7C-4BA822755333}"
EndProject
Project("{2150E333-8FDC-42A3-9474-1A3956D46DE8}") = "Task6", "Task6", "{2ACE4A9B-59AA-4DC0-8F43-6E909EE7DA7D}"
EndProject
Project("{FAE04EC0-301F-11D3-BF4B-00C04F79EFBC}") = "Tyuiu.PoleschukKR.Sprint4.Task6.V9", "Tyuiu.PoleschukKR.Sprint4.Task6.V9\Tyuiu.PoleschukKR.Sprint4.Task6.V9.csproj", "{E7745F35-C488-4B26-90FF-5EF1B057FDEF}"
EndProject
Project("{FAE04EC0-301F-11D3-BF4B-00C04F79EFBC}") = "Tyuiu.PoleschukKR.Sprint4.Task6.V9.Lib", "Tyuiu.PoleschukKR.Sprint4.Task6.V9.Lib\Tyuiu.PoleschukKR.Sprint4.Task6.V9.Lib.csproj", "{192C1AD1-D8CB-4A8E-9961-3FB00A583180}"
EndProject
Project("{FAE04EC0-301F-11D3-BF4B-00C04F79EFBC}") = "Tyuiu.PoleschukKR.Sprint4.Task6.V9.Test", "Tyuiu.PoleschukKR.Sprint4.Task6.V9.Test\Tyuiu.PoleschukKR.Sprint4.Task6.V9.Test.csproj", "{07204B12-548D-4C1D-A33F-FE01346E5641}"
EndProject
Project("{2150E333-8FDC-42A3-9474-1A3956D46DE8}") = "Task7", "Task7", "{3107C6F3-9548-4FF6-98DA-5923F6FAA23F}"
EndProject
Project("{FAE04EC0-301F-11D3-BF4B-00C04F79EFBC}") = "Tyuiu.PoleschukKR.Sprint4.Task7.V18", "Tyuiu.PoleschukKR.Sprint4.Task7.V18\Tyuiu.PoleschukKR.Sprint4.Task7.V18.csproj", "{B2660615-6A4F-4B34-ABED-D0F9D23ECCEA}"
EndProject
Project("{FAE04EC0-301F-11D3-BF4B-00C04F79EFBC}") = "Tyuiu.PoleschukKR.Sprint4.Task7.V18.Lib", "Tyuiu.PoleschukKR.Sprint4.Task7.V18.Lib\Tyuiu.PoleschukKR.Sprint4.Task7.V18.Lib.csproj", "{A883FAAD-A19D-4AE1-B316-111748D6DD87}"
EndProject
Project("{FAE04EC0-301F-11D3-BF4B-00C04F79EFBC}") = "Tyuiu.PoleschukKR.Sprint4.Task7.V18.Test", "Tyuiu.PoleschukKR.Sprint4.Task7.V18.Test\Tyuiu.PoleschukKR.Sprint4.Task7.V18.Test.csproj", "{1315ABC7-6CC4-4866-888F-E6B40CDBBBE2}"
EndProject
Global
	GlobalSection(SolutionConfigurationPlatforms) = preSolution
		Debug|Any CPU = Debug|Any CPU
		Release|Any CPU = Release|Any CPU
	EndGlobalSection
	GlobalSection(ProjectConfigurationPlatforms) = postSolution
		{E5A6A992-B707-477B-B368-D2C2A50A6DE2}.Debug|Any CPU.ActiveCfg = Debug|Any CPU
		{E5A6A992-B707-477B-B368-D2C2A50A6DE2}.Debug|Any CPU.Build.0 = Debug|Any CPU
		{E5A6A992-B707-477B-B368-D2C2A50A6DE2}.Release|Any CPU.ActiveCfg = Release|Any CPU
		{E5A6A992-B707-477B-B368-D2C2A50A6DE2}.Release|Any CPU.Build.0 = Release|Any CPU
		{910EEA26-773A-4555-B071-D9C64A4D899F}.Debug|Any CPU.ActiveCfg = Debug|Any CPU
		{910EEA26-773A-4555-B071-D9C64A4D899F}.Debug|Any CPU.Build.0 = Debug|Any CPU
		{910EEA26-773A-4555-B071-D9C64A4D899F}.Release|Any CPU.ActiveCfg = Release|Any CPU
		{910EEA26-773A-4555-B071-D9C64A4D899F}.Release|Any CPU.Build.0 = Release|Any CPU
		{8E208ACE-51E0-4786-BCDF-BFA4D867ADE6}.Debug|Any CPU.ActiveCfg = Debug|Any CPU
		{8E208ACE-51E0-4786-BCDF-BFA4D867ADE6}.Debug|Any CPU.Build.0 = Debug|Any CPU
		{8E208ACE-51E0-4786-BCDF-BFA4D867ADE6}.Release|Any CPU.ActiveCfg = Release|Any CPU
		{8E208ACE-51E0-4786-BCDF-BFA4D867ADE6}.Release|Any CPU.Build.0 = Release|Any CPU
		{4365E161-F34D-4C7E-B600-CC9B83AF6B89}.Debug|Any CPU.ActiveCfg = Debug|Any CPU
		{4365E161-F34D-4C7E-B600-CC9B83AF6B89}.Debug|Any CPU.Build.0 = Debug|Any CPU
		{4365E161-F34D-4C7E-B600-CC9B83AF6B89}.Release|Any CPU.ActiveCfg = Release|Any CPU
		{4365E161-F34D-4C7E-B600-CC9B83AF6B89}.Release|Any CPU.Build.0 = Release|Any CPU
		{E47C47C0-77AC-4211-832F-2281A86E49FB}.Debug|Any CPU.ActiveCfg = Debug|Any CPU
		{E47C47C0-77AC-4211-832F-2281A86E49FB}.Debug|Any CPU.Build.0 = Debug|Any CPU
		{E47C47C0-77AC-4211-832F-2281A86E49FB}.Release|Any CPU.ActiveCfg = Release|Any CPU
		{E47C47C0-77AC-4211-832F-2281A86E49FB}.Release|Any CPU.Build.0 = Release|Any CPU
		{ECB55450-9A83-4C12-9FFD-9F4EBE91D0BE}.Debug|Any CPU.ActiveCfg = Debug|Any CPU
		{ECB55450-9A83-4C12-9FFD-9F4EBE91D0BE}.Debug|Any CPU.Build.0 = Debug|Any CPU
		{ECB55450-9A83-4C12-9FFD-9F4EBE91D0BE}.Release|Any CPU.ActiveCfg = Release|Any CPU
		{ECB55450-9A83-4C12-9FFD-9F4EBE91D0BE}.Release|Any CPU.Build.0 = Release|Any CPU
		{63B31C42-5E90-4D96-A88F-0053940A35BC}.Debug|Any CPU.ActiveCfg = Debug|Any CPU
		{63B31C42-5E90-4D96-A88F-0053940A35BC}.Debug|Any CPU.Build.0 = Debug|Any CPU
		{63B31C42-5E90-4D96-A88F-0053940A35BC}.Release|Any CPU.ActiveCfg = Release|Any CPU
		{63B31C42-5E90-4D96-A88F-0053940A35BC}.Release|Any CPU.Build.0 = Release|Any CPU
		{09A1B7CA-5BD8-4BB1-A7C1-FBB6292FF551}.Debug|Any CPU.ActiveCfg = Debug|Any CPU
		{09A1B7CA-5BD8-4BB1-A7C1-FBB6292FF551}.Debug|Any CPU.Build.0 = Debug|Any CPU
		{09A1B7CA-5BD8-4BB1-A7C1-FBB6292FF551}.Release|Any CPU.ActiveCfg = Release|Any CPU
		{09A1B7CA-5BD8-4BB1-A7C1-FBB6292FF551}.Release|Any CPU.Build.0 = Release|Any CPU
		{F1FC4C7C-1BA9-481F-8A16-7D5F7567306C}.Debug|Any CPU.ActiveCfg = Debug|Any CPU
		{F1FC4C7C-1BA9-481F-8A16-7D5F7567306C}.Debug|Any CPU.Build.0 = Debug|Any CPU
		{F1FC4C7C-1BA9-481F-8A16-7D5F7567306C}.Release|Any CPU.ActiveCfg = Release|Any CPU
		{F1FC4C7C-1BA9-481F-8A16-7D5F7567306C}.Release|Any CPU.Build.0 = Release|Any CPU
		{6F4184BD-1C61-4817-8EB9-A8DBD34E6B70}.Debug|Any CPU.ActiveCfg = Debug|Any CPU
		{6F4184BD-1C61-4817-8EB9-A8DBD34E6B70}.Debug|Any CPU.Build.0 = Debug|Any CPU
		{6F4184BD-1C61-4817-8EB9-A8DBD34E6B70}.Release|Any CPU.ActiveCfg = Release|Any CPU
		{6F4184BD-1C61-4817-8EB9-A8DBD34E6B70}.Release|Any CPU.Build.0 = Release|Any CPU
		{5D9BE925-8BF5-4085-BC0F-9B3AAF294085}.Debug|Any CPU.ActiveCfg = Debug|Any CPU
		{5D9BE925-8BF5-4085-BC0F-9B3AAF294085}.Debug|Any CPU.Build.0 = Debug|Any CPU
		{5D9BE925-8BF5-4085-BC0F-9B3AAF294085}.Release|Any CPU.ActiveCfg = Release|Any CPU
		{5D9BE925-8BF5-4085-BC0F-9B3AAF294085}.Release|Any CPU.Build.0 = Release|Any CPU
		{8AB9A8DE-9A37-4CB3-AE78-63A01405E81E}.Debug|Any CPU.ActiveCfg = Debug|Any CPU
		{8AB9A8DE-9A37-4CB3-AE78-63A01405E81E}.Debug|Any CPU.Build.0 = Debug|Any CPU
		{8AB9A8DE-9A37-4CB3-AE78-63A01405E81E}.Release|Any CPU.ActiveCfg = Release|Any CPU
		{8AB9A8DE-9A37-4CB3-AE78-63A01405E81E}.Release|Any CPU.Build.0 = Release|Any CPU
		{58479C8C-3576-42C7-8497-41F4AEE38517}.Debug|Any CPU.ActiveCfg = Debug|Any CPU
		{58479C8C-3576-42C7-8497-41F4AEE38517}.Debug|Any CPU.Build.0 = Debug|Any CPU
		{58479C8C-3576-42C7-8497-41F4AEE38517}.Release|Any CPU.ActiveCfg = Release|Any CPU
		{58479C8C-3576-42C7-8497-41F4AEE38517}.Release|Any CPU.Build.0 = Release|Any CPU
		{3F5B6492-1B41-4AE8-91EF-B2841194ED15}.Debug|Any CPU.ActiveCfg = Debug|Any CPU
		{3F5B6492-1B41-4AE8-91EF-B2841194ED15}.Debug|Any CPU.Build.0 = Debug|Any CPU
		{3F5B6492-1B41-4AE8-91EF-B2841194ED15}.Release|Any CPU.ActiveCfg = Release|Any CPU
		{3F5B6492-1B41-4AE8-91EF-B2841194ED15}.Release|Any CPU.Build.0 = Release|Any CPU
		{B3D34D9A-2B66-4F8A-9BCB-00F801A80147}.Debug|Any CPU.ActiveCfg = Debug|Any CPU
		{B3D34D9A-2B66-4F8A-9BCB-00F801A80147}.Debug|Any CPU.Build.0 = Debug|Any CPU
		{B3D34D9A-2B66-4F8A-9BCB-00F801A80147}.Release|Any CPU.ActiveCfg = Release|Any CPU
		{B3D34D9A-2B66-4F8A-9BCB-00F801A80147}.Release|Any CPU.Build.0 = Release|Any CPU
		{711FFBB0-1113-4EEF-A59F-2C2F24110BAE}.Debug|Any CPU.ActiveCfg = Debug|Any CPU
		{711FFBB0-1113-4EEF-A59F-2C2F24110BAE}.Debug|Any CPU.Build.0 = Debug|Any CPU
		{711FFBB0-1113-4EEF-A59F-2C2F24110BAE}.Release|Any CPU.ActiveCfg = Release|Any CPU
		{711FFBB0-1113-4EEF-A59F-2C2F24110BAE}.Release|Any CPU.Build.0 = Release|Any CPU
		{96890CDD-06DF-4924-B042-C0C61197D472}.Debug|Any CPU.ActiveCfg = Debug|Any CPU
		{96890CDD-06DF-4924-B042-C0C61197D472}.Debug|Any CPU.Build.0 = Debug|Any CPU
		{96890CDD-06DF-4924-B042-C0C61197D472}.Release|Any CPU.ActiveCfg = Release|Any CPU
		{96890CDD-06DF-4924-B042-C0C61197D472}.Release|Any CPU.Build.0 = Release|Any CPU
		{EE331979-2549-4396-AA7C-4BA822755333}.Debug|Any CPU.ActiveCfg = Debug|Any CPU
		{EE331979-2549-4396-AA7C-4BA822755333}.Debug|Any CPU.Build.0 = Debug|Any CPU
		{EE331979-2549-4396-AA7C-4BA822755333}.Release|Any CPU.ActiveCfg = Release|Any CPU
		{EE331979-2549-4396-AA7C-4BA822755333}.Release|Any CPU.Build.0 = Release|Any CPU
		{E7745F35-C488-4B26-90FF-5EF1B057FDEF}.Debug|Any CPU.ActiveCfg = Debug|Any CPU
		{E7745F35-C488-4B26-90FF-5EF1B057FDEF}.Debug|Any CPU.Build.0 = Debug|Any CPU
		{E7745F35-C488-4B26-90FF-5EF1B057FDEF}.Release|Any CPU.ActiveCfg = Release|Any CPU
		{E7745F35-C488-4B26-90FF-5EF1B057FDEF}.Release|Any CPU.Build.0 = Release|Any CPU
		{192C1AD1-D8CB-4A8E-9961-3FB00A583180}.Debug|Any CPU.ActiveCfg = Debug|Any CPU
		{192C1AD1-D8CB-4A8E-9961-3FB00A583180}.Debug|Any CPU.Build.0 = Debug|Any CPU
		{192C1AD1-D8CB-4A8E-9961-3FB00A583180}.Release|Any CPU.ActiveCfg = Release|Any CPU
		{192C1AD1-D8CB-4A8E-9961-3FB00A583180}.Release|Any CPU.Build.0 = Release|Any CPU
		{07204B12-548D-4C1D-A33F-FE01346E5641}.Debug|Any CPU.ActiveCfg = Debug|Any CPU
		{07204B12-548D-4C1D-A33F-FE01346E5641}.Debug|Any CPU.Build.0 = Debug|Any CPU
		{07204B12-548D-4C1D-A33F-FE01346E5641}.Release|Any CPU.ActiveCfg = Release|Any CPU
		{07204B12-548D-4C1D-A33F-FE01346E5641}.Release|Any CPU.Build.0 = Release|Any CPU
		{B2660615-6A4F-4B34-ABED-D0F9D23ECCEA}.Debug|Any CPU.ActiveCfg = Debug|Any CPU
		{B2660615-6A4F-4B34-ABED-D0F9D23ECCEA}.Debug|Any CPU.Build.0 = Debug|Any CPU
		{B2660615-6A4F-4B34-ABED-D0F9D23ECCEA}.Release|Any CPU.ActiveCfg = Release|Any CPU
		{B2660615-6A4F-4B34-ABED-D0F9D23ECCEA}.Release|Any CPU.Build.0 = Release|Any CPU
		{A883FAAD-A19D-4AE1-B316-111748D6DD87}.Debug|Any CPU.ActiveCfg = Debug|Any CPU
		{A883FAAD-A19D-4AE1-B316-111748D6DD87}.Debug|Any CPU.Build.0 = Debug|Any CPU
		{A883FAAD-A19D-4AE1-B316-111748D6DD87}.Release|Any CPU.ActiveCfg = Release|Any CPU
		{A883FAAD-A19D-4AE1-B316-111748D6DD87}.Release|Any CPU.Build.0 = Release|Any CPU
		{1315ABC7-6CC4-4866-888F-E6B40CDBBBE2}.Debug|Any CPU.ActiveCfg = Debug|Any CPU
		{1315ABC7-6CC4-4866-888F-E6B40CDBBBE2}.Debug|Any CPU.Build.0 = Debug|Any CPU
		{1315ABC7-6CC4-4866-888F-E6B40CDBBBE2}.Release|Any CPU.ActiveCfg = Release|Any CPU
		{1315ABC7-6CC4-4866-888F-E6B40CDBBBE2}.Release|Any CPU.Build.0 = Release|Any CPU
	EndGlobalSection
	GlobalSection(SolutionProperties) = preSolution
		HideSolutionNode = FALSE
	EndGlobalSection
	GlobalSection(NestedProjects) = preSolution
		{E5A6A992-B707-477B-B368-D2C2A50A6DE2} = {CDD30B52-0FAC-4960-812F-C51DF796C99C}
		{910EEA26-773A-4555-B071-D9C64A4D899F} = {CDD30B52-0FAC-4960-812F-C51DF796C99C}
		{8E208ACE-51E0-4786-BCDF-BFA4D867ADE6} = {CDD30B52-0FAC-4960-812F-C51DF796C99C}
		{4365E161-F34D-4C7E-B600-CC9B83AF6B89} = {5B61647F-D6D5-4881-ACB8-1227D674E2B0}
		{E47C47C0-77AC-4211-832F-2281A86E49FB} = {5B61647F-D6D5-4881-ACB8-1227D674E2B0}
		{ECB55450-9A83-4C12-9FFD-9F4EBE91D0BE} = {5B61647F-D6D5-4881-ACB8-1227D674E2B0}
		{63B31C42-5E90-4D96-A88F-0053940A35BC} = {0E60D1CC-9C29-408E-8AB7-C8A59540F8CF}
		{09A1B7CA-5BD8-4BB1-A7C1-FBB6292FF551} = {0E60D1CC-9C29-408E-8AB7-C8A59540F8CF}
		{F1FC4C7C-1BA9-481F-8A16-7D5F7567306C} = {0E60D1CC-9C29-408E-8AB7-C8A59540F8CF}
		{6F4184BD-1C61-4817-8EB9-A8DBD34E6B70} = {82FA7A28-E79A-40D9-8ED8-3B02B4C7702A}
		{5D9BE925-8BF5-4085-BC0F-9B3AAF294085} = {82FA7A28-E79A-40D9-8ED8-3B02B4C7702A}
		{8AB9A8DE-9A37-4CB3-AE78-63A01405E81E} = {82FA7A28-E79A-40D9-8ED8-3B02B4C7702A}
		{58479C8C-3576-42C7-8497-41F4AEE38517} = {8B765870-3A24-4906-BB53-E988CCA0901F}
		{3F5B6492-1B41-4AE8-91EF-B2841194ED15} = {8B765870-3A24-4906-BB53-E988CCA0901F}
		{B3D34D9A-2B66-4F8A-9BCB-00F801A80147} = {8B765870-3A24-4906-BB53-E988CCA0901F}
		{711FFBB0-1113-4EEF-A59F-2C2F24110BAE} = {552235AD-2687-48D4-9A0E-3F0E4C33B5E7}
		{96890CDD-06DF-4924-B042-C0C61197D472} = {552235AD-2687-48D4-9A0E-3F0E4C33B5E7}
		{EE331979-2549-4396-AA7C-4BA822755333} = {552235AD-2687-48D4-9A0E-3F0E4C33B5E7}
		{E7745F35-C488-4B26-90FF-5EF1B057FDEF} = {2ACE4A9B-59AA-4DC0-8F43-6E909EE7DA7D}
		{192C1AD1-D8CB-4A8E-9961-3FB00A583180} = {2ACE4A9B-59AA-4DC0-8F43-6E909EE7DA7D}
		{07204B12-548D-4C1D-A33F-FE01346E5641} = {2ACE4A9B-59AA-4DC0-8F43-6E909EE7DA7D}
		{B2660615-6A4F-4B34-ABED-D0F9D23ECCEA} = {3107C6F3-9548-4FF6-98DA-5923F6FAA23F}
		{A883FAAD-A19D-4AE1-B316-111748D6DD87} = {3107C6F3-9548-4FF6-98DA-5923F6FAA23F}
		{1315ABC7-6CC4-4866-888F-E6B40CDBBBE2} = {3107C6F3-9548-4FF6-98DA-5923F6FAA23F}
	EndGlobalSection
	GlobalSection(ExtensibilityGlobals) = postSolution
		SolutionGuid = {2B221523-9C1C-4017-B4FA-574D7723CD46}
	EndGlobalSection
EndGlobal
